<?xml version="1.0" encoding="utf-8"?>
<Project ToolsVersion="4.0" xmlns="http://schemas.microsoft.com/developer/msbuild/2003">
  <ItemGroup>
    <Filter Include="Исходные файлы">
      <UniqueIdentifier>{4FC737F1-C7A5-4376-A066-2A32D752A2FF}</UniqueIdentifier>
      <Extensions>cpp;c;cc;cxx;c++;cppm;ixx;def;odl;idl;hpj;bat;asm;asmx</Extensions>
    </Filter>
    <Filter Include="Файлы заголовков">
      <UniqueIdentifier>{93995380-89BD-4b04-88EB-625FBE52EBFB}</UniqueIdentifier>
      <Extensions>h;hh;hpp;hxx;h++;hm;inl;inc;ipp;xsd</Extensions>
    </Filter>
    <Filter Include="Файлы ресурсов">
      <UniqueIdentifier>{67DA6AB6-F800-4c08-8B7A-83BB121AAD01}</UniqueIdentifier>
      <Extensions>rc;ico;cur;bmp;dlg;rc2;rct;bin;rgs;gif;jpg;jpeg;jpe;resx;tiff;tif;png;wav;mfcribbon-ms</Extensions>
    </Filter>
  </ItemGroup>
  <ItemGroup>
    <ClCompile Include="Soladium.cpp">
      <Filter>Исходные файлы</Filter>
    </ClCompile>
    <ClCompile Include="renderer\Window.cpp">
      <Filter>Исходные файлы</Filter>
    </ClCompile>
    <ClCompile Include="renderer\shaders\Shader.cpp">
      <Filter>Исходные файлы</Filter>
    </ClCompile>
    <ClCompile Include="utils\Profiler.cpp">
      <Filter>Исходные файлы</Filter>
    </ClCompile>
    <ClCompile Include="renderer\textures\Texture.cpp">
      <Filter>Исходные файлы</Filter>
    </ClCompile>
    <ClCompile Include="renderer\VAO\Vao.cpp">
      <Filter>Исходные файлы</Filter>
    </ClCompile>
    <ClCompile Include="Engine.cpp">
      <Filter>Исходные файлы</Filter>
    </ClCompile>
    <ClCompile Include="renderer\Camera.cpp">
      <Filter>Исходные файлы</Filter>
    </ClCompile>
    <ClCompile Include="utils\Keyboard.cpp">
      <Filter>Исходные файлы</Filter>
    </ClCompile>
    <ClCompile Include="utils\Mouse.cpp">
      <Filter>Исходные файлы</Filter>
    </ClCompile>
    <ClCompile Include="renderer\ProjectionCamera.cpp">
      <Filter>Исходные файлы</Filter>
    </ClCompile>
    <ClCompile Include="renderer\OrthographicCamera.cpp">
      <Filter>Исходные файлы</Filter>
    </ClCompile>
    <ClCompile Include="ui\imgui.cpp">
      <Filter>Исходные файлы</Filter>
    </ClCompile>
    <ClCompile Include="ui\imgui_demo.cpp">
      <Filter>Исходные файлы</Filter>
    </ClCompile>
    <ClCompile Include="ui\imgui_draw.cpp">
      <Filter>Исходные файлы</Filter>
    </ClCompile>
    <ClCompile Include="ui\imgui_impl_glfw.cpp">
      <Filter>Исходные файлы</Filter>
    </ClCompile>
    <ClCompile Include="ui\imgui_impl_opengl3.cpp">
      <Filter>Исходные файлы</Filter>
    </ClCompile>
    <ClCompile Include="ui\imgui_tables.cpp">
      <Filter>Исходные файлы</Filter>
    </ClCompile>
    <ClCompile Include="ui\imgui_widgets.cpp">
      <Filter>Исходные файлы</Filter>
    </ClCompile>
    <ClCompile Include="core\MonoComponent.cpp">
      <Filter>Исходные файлы</Filter>
    </ClCompile>
    <ClCompile Include="core\Component.cpp">
      <Filter>Исходные файлы</Filter>
    </ClCompile>
    <ClCompile Include="core\GameObject.cpp">
      <Filter>Исходные файлы</Filter>
    </ClCompile>
    <ClCompile Include="renderer\SpriteRenderer.cpp">
      <Filter>Исходные файлы</Filter>
    </ClCompile>
    <ClCompile Include="renderer\Sprite.cpp">
      <Filter>Исходные файлы</Filter>
    </ClCompile>
    <ClCompile Include="core\scenes\Scene.cpp">
      <Filter>Исходные файлы</Filter>
    </ClCompile>
    <ClCompile Include="core\SpriteRendererComponent.cpp">
      <Filter>Исходные файлы</Filter>
    </ClCompile>
    <ClCompile Include="scripting\ScriptClass.cpp">
      <Filter>Исходные файлы</Filter>
    </ClCompile>
    <ClCompile Include="scripting\ScriptEngine.cpp">
      <Filter>Исходные файлы</Filter>
    </ClCompile>
    <ClCompile Include="core\TransformComponent.cpp">
      <Filter>Исходные файлы</Filter>
    </ClCompile>
  </ItemGroup>
  <ItemGroup>
    <ClInclude Include="renderer\Window.h">
      <Filter>Файлы заголовков</Filter>
    </ClInclude>
    <ClInclude Include="math\Vector2.h">
      <Filter>Файлы заголовков</Filter>
    </ClInclude>
    <ClInclude Include="renderer\shaders\Shader.h">
      <Filter>Файлы заголовков</Filter>
    </ClInclude>
    <ClInclude Include="renderer\textures\Texture.h">
      <Filter>Файлы заголовков</Filter>
    </ClInclude>
    <ClInclude Include="renderer\VAO\Vertex.h">
      <Filter>Файлы заголовков</Filter>
    </ClInclude>
    <ClInclude Include="math\Color.h">
      <Filter>Файлы заголовков</Filter>
    </ClInclude>
    <ClInclude Include="math\Vector3.h">
      <Filter>Файлы заголовков</Filter>
    </ClInclude>
    <ClInclude Include="utils\FileUtils.h">
      <Filter>Файлы заголовков</Filter>
    </ClInclude>
    <ClInclude Include="core\GameObject.h">
      <Filter>Файлы заголовков</Filter>
    </ClInclude>
    <ClInclude Include="core\Component.h">
      <Filter>Файлы заголовков</Filter>
    </ClInclude>
    <ClInclude Include="math\Transform.h">
      <Filter>Файлы заголовков</Filter>
    </ClInclude>
    <ClInclude Include="utils\Profiler.h">
      <Filter>Файлы заголовков</Filter>
    </ClInclude>
    <ClInclude Include="renderer\textures\stb_image.h">
      <Filter>Файлы заголовков</Filter>
    </ClInclude>
    <ClInclude Include="renderer\VAO\Vao.h">
      <Filter>Файлы заголовков</Filter>
    </ClInclude>
    <ClInclude Include="Engine.h">
      <Filter>Файлы заголовков</Filter>
    </ClInclude>
    <ClInclude Include="renderer\Camera.h">
      <Filter>Файлы заголовков</Filter>
    </ClInclude>
    <ClInclude Include="utils\Keyboard.h">
      <Filter>Файлы заголовков</Filter>
    </ClInclude>
    <ClInclude Include="utils\Mouse.h">
      <Filter>Файлы заголовков</Filter>
    </ClInclude>
    <ClInclude Include="renderer\OrthographicCamera.h">
      <Filter>Файлы заголовков</Filter>
    </ClInclude>
    <ClInclude Include="renderer\ProjectionCamera.h">
      <Filter>Файлы заголовков</Filter>
    </ClInclude>
    <ClInclude Include="ui\imstb_truetype.h">
      <Filter>Файлы заголовков</Filter>
    </ClInclude>
    <ClInclude Include="ui\imconfig.h">
      <Filter>Файлы заголовков</Filter>
    </ClInclude>
    <ClInclude Include="ui\imgui.h">
      <Filter>Файлы заголовков</Filter>
    </ClInclude>
    <ClInclude Include="ui\imgui_impl_glfw.h">
      <Filter>Файлы заголовков</Filter>
    </ClInclude>
    <ClInclude Include="ui\imgui_impl_opengl3.h">
      <Filter>Файлы заголовков</Filter>
    </ClInclude>
    <ClInclude Include="ui\imgui_impl_opengl3_loader.h">
      <Filter>Файлы заголовков</Filter>
    </ClInclude>
    <ClInclude Include="ui\imgui_internal.h">
      <Filter>Файлы заголовков</Filter>
    </ClInclude>
    <ClInclude Include="ui\imstb_rectpack.h">
      <Filter>Файлы заголовков</Filter>
    </ClInclude>
    <ClInclude Include="ui\imstb_textedit.h">
      <Filter>Файлы заголовков</Filter>
    </ClInclude>
    <ClInclude Include="core\MonoComponent.h">
      <Filter>Файлы заголовков</Filter>
    </ClInclude>
    <ClInclude Include="renderer\SpriteRenderer.h">
      <Filter>Файлы заголовков</Filter>
    </ClInclude>
    <ClInclude Include="renderer\Sprite.h">
      <Filter>Файлы заголовков</Filter>
    </ClInclude>
    <ClInclude Include="core\scenes\Scene.h">
      <Filter>Файлы заголовков</Filter>
    </ClInclude>
    <ClInclude Include="core\SpriteRendererComponent.h">
      <Filter>Файлы заголовков</Filter>
    </ClInclude>
    <ClInclude Include="scripting\ScriptEngine.h">
      <Filter>Файлы заголовков</Filter>
    </ClInclude>
    <ClInclude Include="scripting\ScriptClass.h">
      <Filter>Файлы заголовков</Filter>
    </ClInclude>
    <ClInclude Include="scripting\mono.h">
      <Filter>Файлы заголовков</Filter>
    </ClInclude>
    <ClInclude Include="core\TransformComponent.h">
      <Filter>Файлы заголовков</Filter>
    </ClInclude>
  </ItemGroup>
  <ItemGroup>
    <None Include="Content\Shaders\base.vert" />
    <None Include="Content\Shaders\base.frag" />
  </ItemGroup>
</Project>